
Microsoft Visual Studio Solution File, Format Version 12.00
# Visual Studio Version 16
VisualStudioVersion = 16.0.34601.136
MinimumVisualStudioVersion = 10.0.40219.1
Project("{FAE04EC0-301F-11D3-BF4B-00C04F79EFBC}") = "WFApp1", "WFApp1\WFApp1.csproj", "{72659732-D044-41FD-A4A8-B93A3DB9B614}"
EndProject
Global
	GlobalSection(SolutionConfigurationPlatforms) = preSolution
		Debug|Any CPU = Debug|Any CPU
		Release|Any CPU = Release|Any CPU
	EndGlobalSection
	GlobalSection(ProjectConfigurationPlatforms) = postSolution
		{72659732-D044-41FD-A4A8-B93A3DB9B614}.Debug|Any CPU.ActiveCfg = Debug|Any CPU
		{72659732-D044-41FD-A4A8-B93A3DB9B614}.Debug|Any CPU.Build.0 = Debug|Any CPU
		{72659732-D044-41FD-A4A8-B93A3DB9B614}.Release|Any CPU.ActiveCfg = Release|Any CPU
		{72659732-D044-41FD-A4A8-B93A3DB9B614}.Release|Any CPU.Build.0 = Release|Any CPU
	EndGlobalSection
	GlobalSection(SolutionProperties) = preSolution
		HideSolutionNode = FALSE
	EndGlobalSection
	GlobalSection(ExtensibilityGlobals) = postSolution
		SolutionGuid = {DAACE4A5-8D15-449E-ACEB-8330BE56C2D1}
	EndGlobalSection
EndGlobal
